
Microsoft Visual Studio Solution File, Format Version 12.00
# Visual Studio Version 17
VisualStudioVersion = 17.4.33213.308
MinimumVisualStudioVersion = 10.0.40219.1
Project("{FAE04EC0-301F-11D3-BF4B-00C04F79EFBC}") = "logicad", "logicad\logicad.csproj", "{DDE164D4-E0DE-4F14-BBD9-3D839492E633}"
EndProject
Project("{FAE04EC0-301F-11D3-BF4B-00C04F79EFBC}") = "logicad.Model", "logicad.Model\logicad.Model.csproj", "{BE38FEA7-B046-437B-90E7-6C8C5FB7CCE1}"
EndProject
Project("{FAE04EC0-301F-11D3-BF4B-00C04F79EFBC}") = "NodeGraph", "NodeGraph\NodeGraph.csproj", "{2E2AB11C-015D-40F2-97F6-0E0768FC7069}"
EndProject
Global
	GlobalSection(SolutionConfigurationPlatforms) = preSolution
		Debug|Any CPU = Debug|Any CPU
		Release|Any CPU = Release|Any CPU
	EndGlobalSection
	GlobalSection(ProjectConfigurationPlatforms) = postSolution
		{DDE164D4-E0DE-4F14-BBD9-3D839492E633}.Debug|Any CPU.ActiveCfg = Debug|Any CPU
		{DDE164D4-E0DE-4F14-BBD9-3D839492E633}.Debug|Any CPU.Build.0 = Debug|Any CPU
		{DDE164D4-E0DE-4F14-BBD9-3D839492E633}.Release|Any CPU.ActiveCfg = Release|Any CPU
		{DDE164D4-E0DE-4F14-BBD9-3D839492E633}.Release|Any CPU.Build.0 = Release|Any CPU
		{BE38FEA7-B046-437B-90E7-6C8C5FB7CCE1}.Debug|Any CPU.ActiveCfg = Debug|Any CPU
		{BE38FEA7-B046-437B-90E7-6C8C5FB7CCE1}.Debug|Any CPU.Build.0 = Debug|Any CPU
		{BE38FEA7-B046-437B-90E7-6C8C5FB7CCE1}.Release|Any CPU.ActiveCfg = Release|Any CPU
		{BE38FEA7-B046-437B-90E7-6C8C5FB7CCE1}.Release|Any CPU.Build.0 = Release|Any CPU
		{2E2AB11C-015D-40F2-97F6-0E0768FC7069}.Debug|Any CPU.ActiveCfg = Debug|Any CPU
		{2E2AB11C-015D-40F2-97F6-0E0768FC7069}.Debug|Any CPU.Build.0 = Debug|Any CPU
		{2E2AB11C-015D-40F2-97F6-0E0768FC7069}.Release|Any CPU.ActiveCfg = Release|Any CPU
		{2E2AB11C-015D-40F2-97F6-0E0768FC7069}.Release|Any CPU.Build.0 = Release|Any CPU
	EndGlobalSection
	GlobalSection(SolutionProperties) = preSolution
		HideSolutionNode = FALSE
	EndGlobalSection
	GlobalSection(ExtensibilityGlobals) = postSolution
		SolutionGuid = {F349BA81-2C98-407A-9A74-CF079368C67E}
	EndGlobalSection
EndGlobal
